
Microsoft Visual Studio Solution File, Format Version 12.00
# Visual Studio Version 17
VisualStudioVersion = 17.2.32630.192
MinimumVisualStudioVersion = 10.0.40219.1
Project("{9A19103F-16F7-4668-BE54-9A1E7A4F7556}") = "API", "API\API.csproj", "{84BF5FC7-349F-4F37-8B4E-09A196F02E00}"
EndProject
Project("{9A19103F-16F7-4668-BE54-9A1E7A4F7556}") = "DataAccess", "DataAccessLayer\DataAccess.csproj", "{1B07A83C-AEA1-40C8-8DD0-8406DC8B9C34}"
EndProject
Project("{9A19103F-16F7-4668-BE54-9A1E7A4F7556}") = "Business", "Business\Business.csproj", "{00030CE8-2A87-4037-8DD5-83834D22486B}"
EndProject
Project("{9A19103F-16F7-4668-BE54-9A1E7A4F7556}") = "Models", "Models\Models.csproj", "{01DB1203-8B0D-4D36-9FD2-15D5F8A1350A}"
EndProject
Project("{9A19103F-16F7-4668-BE54-9A1E7A4F7556}") = "DTOs", "DTOs\DTOs.csproj", "{441541D9-B560-4E45-89D9-FDE83FDC8611}"
EndProject
Project("{9A19103F-16F7-4668-BE54-9A1E7A4F7556}") = "BackgroundJobs", "BackgroundJobs\BackgroundJobs.csproj", "{AAB15BAC-B2ED-4E03-B629-813376F593E8}"
EndProject
Project("{9A19103F-16F7-4668-BE54-9A1E7A4F7556}") = "Cache", "Cache\Cache.csproj", "{4E84ECC8-FD24-47A4-A9C6-FD47A77A0E9A}"
EndProject
Project("{FAE04EC0-301F-11D3-BF4B-00C04F79EFBC}") = "APICreditCardService", "CreditCardServiceAPI\APICreditCardService.csproj", "{5E745AFC-8E27-43A9-BCFA-84F6533D541A}"
EndProject
Project("{FAE04EC0-301F-11D3-BF4B-00C04F79EFBC}") = "Configurations", "Configurations\Configurations.csproj", "{9DE9A342-4DE5-41B6-93EF-5EA9FC0D752B}"
EndProject
Global
	GlobalSection(SolutionConfigurationPlatforms) = preSolution
		Debug|Any CPU = Debug|Any CPU
		Release|Any CPU = Release|Any CPU
	EndGlobalSection
	GlobalSection(ProjectConfigurationPlatforms) = postSolution
		{84BF5FC7-349F-4F37-8B4E-09A196F02E00}.Debug|Any CPU.ActiveCfg = Debug|Any CPU
		{84BF5FC7-349F-4F37-8B4E-09A196F02E00}.Debug|Any CPU.Build.0 = Debug|Any CPU
		{84BF5FC7-349F-4F37-8B4E-09A196F02E00}.Release|Any CPU.ActiveCfg = Release|Any CPU
		{84BF5FC7-349F-4F37-8B4E-09A196F02E00}.Release|Any CPU.Build.0 = Release|Any CPU
		{1B07A83C-AEA1-40C8-8DD0-8406DC8B9C34}.Debug|Any CPU.ActiveCfg = Debug|Any CPU
		{1B07A83C-AEA1-40C8-8DD0-8406DC8B9C34}.Debug|Any CPU.Build.0 = Debug|Any CPU
		{1B07A83C-AEA1-40C8-8DD0-8406DC8B9C34}.Release|Any CPU.ActiveCfg = Release|Any CPU
		{1B07A83C-AEA1-40C8-8DD0-8406DC8B9C34}.Release|Any CPU.Build.0 = Release|Any CPU
		{00030CE8-2A87-4037-8DD5-83834D22486B}.Debug|Any CPU.ActiveCfg = Debug|Any CPU
		{00030CE8-2A87-4037-8DD5-83834D22486B}.Debug|Any CPU.Build.0 = Debug|Any CPU
		{00030CE8-2A87-4037-8DD5-83834D22486B}.Release|Any CPU.ActiveCfg = Release|Any CPU
		{00030CE8-2A87-4037-8DD5-83834D22486B}.Release|Any CPU.Build.0 = Release|Any CPU
		{01DB1203-8B0D-4D36-9FD2-15D5F8A1350A}.Debug|Any CPU.ActiveCfg = Debug|Any CPU
		{01DB1203-8B0D-4D36-9FD2-15D5F8A1350A}.Debug|Any CPU.Build.0 = Debug|Any CPU
		{01DB1203-8B0D-4D36-9FD2-15D5F8A1350A}.Release|Any CPU.ActiveCfg = Release|Any CPU
		{01DB1203-8B0D-4D36-9FD2-15D5F8A1350A}.Release|Any CPU.Build.0 = Release|Any CPU
		{441541D9-B560-4E45-89D9-FDE83FDC8611}.Debug|Any CPU.ActiveCfg = Debug|Any CPU
		{441541D9-B560-4E45-89D9-FDE83FDC8611}.Debug|Any CPU.Build.0 = Debug|Any CPU
		{441541D9-B560-4E45-89D9-FDE83FDC8611}.Release|Any CPU.ActiveCfg = Release|Any CPU
		{441541D9-B560-4E45-89D9-FDE83FDC8611}.Release|Any CPU.Build.0 = Release|Any CPU
		{AAB15BAC-B2ED-4E03-B629-813376F593E8}.Debug|Any CPU.ActiveCfg = Debug|Any CPU
		{AAB15BAC-B2ED-4E03-B629-813376F593E8}.Debug|Any CPU.Build.0 = Debug|Any CPU
		{AAB15BAC-B2ED-4E03-B629-813376F593E8}.Release|Any CPU.ActiveCfg = Release|Any CPU
		{AAB15BAC-B2ED-4E03-B629-813376F593E8}.Release|Any CPU.Build.0 = Release|Any CPU
		{4E84ECC8-FD24-47A4-A9C6-FD47A77A0E9A}.Debug|Any CPU.ActiveCfg = Debug|Any CPU
		{4E84ECC8-FD24-47A4-A9C6-FD47A77A0E9A}.Debug|Any CPU.Build.0 = Debug|Any CPU
		{4E84ECC8-FD24-47A4-A9C6-FD47A77A0E9A}.Release|Any CPU.ActiveCfg = Release|Any CPU
		{4E84ECC8-FD24-47A4-A9C6-FD47A77A0E9A}.Release|Any CPU.Build.0 = Release|Any CPU
		{5E745AFC-8E27-43A9-BCFA-84F6533D541A}.Debug|Any CPU.ActiveCfg = Debug|Any CPU
		{5E745AFC-8E27-43A9-BCFA-84F6533D541A}.Debug|Any CPU.Build.0 = Debug|Any CPU
		{5E745AFC-8E27-43A9-BCFA-84F6533D541A}.Release|Any CPU.ActiveCfg = Release|Any CPU
		{5E745AFC-8E27-43A9-BCFA-84F6533D541A}.Release|Any CPU.Build.0 = Release|Any CPU
		{9DE9A342-4DE5-41B6-93EF-5EA9FC0D752B}.Debug|Any CPU.ActiveCfg = Debug|Any CPU
		{9DE9A342-4DE5-41B6-93EF-5EA9FC0D752B}.Debug|Any CPU.Build.0 = Debug|Any CPU
		{9DE9A342-4DE5-41B6-93EF-5EA9FC0D752B}.Release|Any CPU.ActiveCfg = Release|Any CPU
		{9DE9A342-4DE5-41B6-93EF-5EA9FC0D752B}.Release|Any CPU.Build.0 = Release|Any CPU
	EndGlobalSection
	GlobalSection(SolutionProperties) = preSolution
		HideSolutionNode = FALSE
	EndGlobalSection
	GlobalSection(ExtensibilityGlobals) = postSolution
		SolutionGuid = {199CDBB3-0C86-4EAB-BDB0-D88BC85FE8BC}
	EndGlobalSection
EndGlobal
